
Microsoft Visual Studio Solution File, Format Version 12.00
# Visual Studio Version 17
VisualStudioVersion = 17.4.33110.190
MinimumVisualStudioVersion = 10.0.40219.1
Project("{9A19103F-16F7-4668-BE54-9A1E7A4F7556}") = "AzureMasterclass.Api", "AzureMasterclass.Api\AzureMasterclass.Api.csproj", "{04CDD930-87A3-43D9-8EAF-9536AD91C120}"
EndProject
Project("{9A19103F-16F7-4668-BE54-9A1E7A4F7556}") = "AzureMasterclass.DbUp", "AzureMasterclass.DbUp\AzureMasterclass.DbUp.csproj", "{760539CF-8D58-4501-ADF7-3C866419CA31}"
EndProject
Project("{FAE04EC0-301F-11D3-BF4B-00C04F79EFBC}") = "AzureMasterclass.Function", "AzureMasterclass.Function\AzureMasterclass.Function.csproj", "{6BBD206C-B3CC-41CE-A0D0-000B1A1496F4}"
EndProject
Project("{FAE04EC0-301F-11D3-BF4B-00C04F79EFBC}") = "AzureMasterclass.Domain", "AzureMasterclass.Domain\AzureMasterclass.Domain.csproj", "{21124119-5199-40FB-8D8C-9C619667F0DF}"
EndProject
Project("{FAE04EC0-301F-11D3-BF4B-00C04F79EFBC}") = "AzureMasterclass.Tests", "AzureMasterclass.Tests\AzureMasterclass.Tests.csproj", "{7127149E-6A3A-454B-BFD1-3FA4A55DBF79}"
EndProject
Global
	GlobalSection(SolutionConfigurationPlatforms) = preSolution
		Debug|Any CPU = Debug|Any CPU
		Release|Any CPU = Release|Any CPU
	EndGlobalSection
	GlobalSection(ProjectConfigurationPlatforms) = postSolution
		{04CDD930-87A3-43D9-8EAF-9536AD91C120}.Debug|Any CPU.ActiveCfg = Debug|Any CPU
		{04CDD930-87A3-43D9-8EAF-9536AD91C120}.Debug|Any CPU.Build.0 = Debug|Any CPU
		{04CDD930-87A3-43D9-8EAF-9536AD91C120}.Release|Any CPU.ActiveCfg = Release|Any CPU
		{04CDD930-87A3-43D9-8EAF-9536AD91C120}.Release|Any CPU.Build.0 = Release|Any CPU
		{760539CF-8D58-4501-ADF7-3C866419CA31}.Debug|Any CPU.ActiveCfg = Debug|Any CPU
		{760539CF-8D58-4501-ADF7-3C866419CA31}.Debug|Any CPU.Build.0 = Debug|Any CPU
		{760539CF-8D58-4501-ADF7-3C866419CA31}.Release|Any CPU.ActiveCfg = Release|Any CPU
		{760539CF-8D58-4501-ADF7-3C866419CA31}.Release|Any CPU.Build.0 = Release|Any CPU
		{6BBD206C-B3CC-41CE-A0D0-000B1A1496F4}.Debug|Any CPU.ActiveCfg = Debug|Any CPU
		{6BBD206C-B3CC-41CE-A0D0-000B1A1496F4}.Debug|Any CPU.Build.0 = Debug|Any CPU
		{6BBD206C-B3CC-41CE-A0D0-000B1A1496F4}.Release|Any CPU.ActiveCfg = Release|Any CPU
		{6BBD206C-B3CC-41CE-A0D0-000B1A1496F4}.Release|Any CPU.Build.0 = Release|Any CPU
		{21124119-5199-40FB-8D8C-9C619667F0DF}.Debug|Any CPU.ActiveCfg = Debug|Any CPU
		{21124119-5199-40FB-8D8C-9C619667F0DF}.Debug|Any CPU.Build.0 = Debug|Any CPU
		{21124119-5199-40FB-8D8C-9C619667F0DF}.Release|Any CPU.ActiveCfg = Release|Any CPU
		{21124119-5199-40FB-8D8C-9C619667F0DF}.Release|Any CPU.Build.0 = Release|Any CPU
		{7127149E-6A3A-454B-BFD1-3FA4A55DBF79}.Debug|Any CPU.ActiveCfg = Debug|Any CPU
		{7127149E-6A3A-454B-BFD1-3FA4A55DBF79}.Debug|Any CPU.Build.0 = Debug|Any CPU
		{7127149E-6A3A-454B-BFD1-3FA4A55DBF79}.Release|Any CPU.ActiveCfg = Release|Any CPU
		{7127149E-6A3A-454B-BFD1-3FA4A55DBF79}.Release|Any CPU.Build.0 = Release|Any CPU
	EndGlobalSection
	GlobalSection(SolutionProperties) = preSolution
		HideSolutionNode = FALSE
	EndGlobalSection
	GlobalSection(ExtensibilityGlobals) = postSolution
		SolutionGuid = {6091E791-EDBF-4122-BC82-8E02B600F059}
	EndGlobalSection
EndGlobal
